
Microsoft Visual Studio Solution File, Format Version 12.00
# Visual Studio Version 16
VisualStudioVersion = 16.0.30114.105
MinimumVisualStudioVersion = 10.0.40219.1
Project("{FAE04EC0-301F-11D3-BF4B-00C04F79EFBC}") = "GuildManager.Data", "GuildManager.Data\GuildManager.Data.csproj", "{1DDBE580-D835-440D-9F8B-D0844A8C3AE5}"
EndProject
Project("{FAE04EC0-301F-11D3-BF4B-00C04F79EFBC}") = "GuildManager.Core", "GuildManager.Core\GuildManager.Core.csproj", "{C9DF0802-A48A-4BEE-943B-5AB1C73BA40A}"
EndProject
Project("{FAE04EC0-301F-11D3-BF4B-00C04F79EFBC}") = "GuildManager.Web", "GuildManager.Web\GuildManager.Web.csproj", "{1EE2926E-3B4D-4583-988B-9D2A72AC52F3}"
EndProject
Global
	GlobalSection(SolutionConfigurationPlatforms) = preSolution
		Debug|Any CPU = Debug|Any CPU
		Release|Any CPU = Release|Any CPU
	EndGlobalSection
	GlobalSection(SolutionProperties) = preSolution
		HideSolutionNode = FALSE
	EndGlobalSection
	GlobalSection(ProjectConfigurationPlatforms) = postSolution
		{1DDBE580-D835-440D-9F8B-D0844A8C3AE5}.Debug|Any CPU.ActiveCfg = Debug|Any CPU
		{1DDBE580-D835-440D-9F8B-D0844A8C3AE5}.Debug|Any CPU.Build.0 = Debug|Any CPU
		{1DDBE580-D835-440D-9F8B-D0844A8C3AE5}.Release|Any CPU.ActiveCfg = Release|Any CPU
		{1DDBE580-D835-440D-9F8B-D0844A8C3AE5}.Release|Any CPU.Build.0 = Release|Any CPU
		{C9DF0802-A48A-4BEE-943B-5AB1C73BA40A}.Debug|Any CPU.ActiveCfg = Debug|Any CPU
		{C9DF0802-A48A-4BEE-943B-5AB1C73BA40A}.Debug|Any CPU.Build.0 = Debug|Any CPU
		{C9DF0802-A48A-4BEE-943B-5AB1C73BA40A}.Release|Any CPU.ActiveCfg = Release|Any CPU
		{C9DF0802-A48A-4BEE-943B-5AB1C73BA40A}.Release|Any CPU.Build.0 = Release|Any CPU
		{1EE2926E-3B4D-4583-988B-9D2A72AC52F3}.Debug|Any CPU.ActiveCfg = Debug|Any CPU
		{1EE2926E-3B4D-4583-988B-9D2A72AC52F3}.Debug|Any CPU.Build.0 = Debug|Any CPU
		{1EE2926E-3B4D-4583-988B-9D2A72AC52F3}.Release|Any CPU.ActiveCfg = Release|Any CPU
		{1EE2926E-3B4D-4583-988B-9D2A72AC52F3}.Release|Any CPU.Build.0 = Release|Any CPU
	EndGlobalSection
EndGlobal
